// !$*UTF8*$!
{
	archiveVersion = 1;
	classes = {
	};
	objectVersion = 55;
	objects = {

/* Begin PBXBuildFile section */
		0209E8A327C3C04900AFCF71 /* 1966.swift in Sources */ = {isa = PBXBuildFile; fileRef = 0209E8A227C3C04900AFCF71 /* 1966.swift */; };
		02227B0B27C53B4A00E7CFC5 /* 14713.swift in Sources */ = {isa = PBXBuildFile; fileRef = 02227B0A27C53B4A00E7CFC5 /* 14713.swift */; };
		023A3A4627D4B0AB00F56686 /* 1260.swift in Sources */ = {isa = PBXBuildFile; fileRef = 023A3A4527D4B0AA00F56686 /* 1260.swift */; };
		023A983C27B7F34B00117DA2 /* main.swift in Sources */ = {isa = PBXBuildFile; fileRef = 023A983B27B7F34B00117DA2 /* main.swift */; };
		023A984327B7F6CC00117DA2 /* 10828.swift in Sources */ = {isa = PBXBuildFile; fileRef = 023A984227B7F6CC00117DA2 /* 10828.swift */; };
		023A984627B800C100117DA2 /* 9012.swift in Sources */ = {isa = PBXBuildFile; fileRef = 023A984527B800C100117DA2 /* 9012.swift */; };
		025D6A9D27CB28CA008D95FD /* 10866.swift in Sources */ = {isa = PBXBuildFile; fileRef = 025D6A9C27CB28CA008D95FD /* 10866.swift */; };
		025D6AA027CB2AA4008D95FD /* 1021.swift in Sources */ = {isa = PBXBuildFile; fileRef = 025D6A9F27CB2AA4008D95FD /* 1021.swift */; };
		0283F7B327B95401006646D3 /* 10773.swift in Sources */ = {isa = PBXBuildFile; fileRef = 0283F7B227B95401006646D3 /* 10773.swift */; };
		02B5CB2D27C0CADA00981B7B /* 10845.swift in Sources */ = {isa = PBXBuildFile; fileRef = 02B5CB2C27C0CADA00981B7B /* 10845.swift */; };
/* End PBXBuildFile section */

/* Begin PBXCopyFilesBuildPhase section */
		023A983627B7F34B00117DA2 /* CopyFiles */ = {
			isa = PBXCopyFilesBuildPhase;
			buildActionMask = 2147483647;
			dstPath = /usr/share/man/man1/;
			dstSubfolderSpec = 0;
			files = (
			);
			runOnlyForDeploymentPostprocessing = 1;
		};
/* End PBXCopyFilesBuildPhase section */

/* Begin PBXFileReference section */
		0209E8A227C3C04900AFCF71 /* 1966.swift */ = {isa = PBXFileReference; lastKnownFileType = sourcecode.swift; path = 1966.swift; sourceTree = "<group>"; };
		02227B0A27C53B4A00E7CFC5 /* 14713.swift */ = {isa = PBXFileReference; lastKnownFileType = sourcecode.swift; path = 14713.swift; sourceTree = "<group>"; };
		023A3A4527D4B0AA00F56686 /* 1260.swift */ = {isa = PBXFileReference; lastKnownFileType = sourcecode.swift; path = 1260.swift; sourceTree = "<group>"; };
		023A983827B7F34B00117DA2 /* Algorithm_Study */ = {isa = PBXFileReference; explicitFileType = "compiled.mach-o.executable"; includeInIndex = 0; path = Algorithm_Study; sourceTree = BUILT_PRODUCTS_DIR; };
		023A983B27B7F34B00117DA2 /* main.swift */ = {isa = PBXFileReference; lastKnownFileType = sourcecode.swift; path = main.swift; sourceTree = "<group>"; };
		023A984227B7F6CC00117DA2 /* 10828.swift */ = {isa = PBXFileReference; lastKnownFileType = sourcecode.swift; path = 10828.swift; sourceTree = "<group>"; };
		023A984527B800C100117DA2 /* 9012.swift */ = {isa = PBXFileReference; lastKnownFileType = sourcecode.swift; path = 9012.swift; sourceTree = "<group>"; };
		025D6A9C27CB28CA008D95FD /* 10866.swift */ = {isa = PBXFileReference; lastKnownFileType = sourcecode.swift; path = 10866.swift; sourceTree = "<group>"; };
		025D6A9F27CB2AA4008D95FD /* 1021.swift */ = {isa = PBXFileReference; lastKnownFileType = sourcecode.swift; path = 1021.swift; sourceTree = "<group>"; };
		0283F7B227B95401006646D3 /* 10773.swift */ = {isa = PBXFileReference; lastKnownFileType = sourcecode.swift; path = 10773.swift; sourceTree = "<group>"; };
		02B5CB2C27C0CADA00981B7B /* 10845.swift */ = {isa = PBXFileReference; lastKnownFileType = sourcecode.swift; path = 10845.swift; sourceTree = "<group>"; };
/* End PBXFileReference section */

/* Begin PBXFrameworksBuildPhase section */
		023A983527B7F34B00117DA2 /* Frameworks */ = {
			isa = PBXFrameworksBuildPhase;
			buildActionMask = 2147483647;
			files = (
			);
			runOnlyForDeploymentPostprocessing = 0;
		};
/* End PBXFrameworksBuildPhase section */

/* Begin PBXGroup section */
		023A3A4427D4B08100F56686 /* Week5 */ = {
			isa = PBXGroup;
			children = (
				023A3A4527D4B0AA00F56686 /* 1260.swift */,
			);
			path = Week5;
			sourceTree = "<group>";
		};
		023A982F27B7F34B00117DA2 = {
			isa = PBXGroup;
			children = (
				023A983A27B7F34B00117DA2 /* Algorithm_Study */,
				023A983927B7F34B00117DA2 /* Products */,
			);
			sourceTree = "<group>";
		};
		023A983927B7F34B00117DA2 /* Products */ = {
			isa = PBXGroup;
			children = (
				023A983827B7F34B00117DA2 /* Algorithm_Study */,
			);
			name = Products;
			sourceTree = "<group>";
		};
		023A983A27B7F34B00117DA2 /* Algorithm_Study */ = {
			isa = PBXGroup;
			children = (
				023A983B27B7F34B00117DA2 /* main.swift */,
				023A984427B7F6D800117DA2 /* Week2 */,
				02B5CB2F27C0CAE800981B7B /* Week3 */,
				025D6A9E27CB28D4008D95FD /* Week4 */,
				023A3A4427D4B08100F56686 /* Week5 */,
			);
			path = Algorithm_Study;
			sourceTree = "<group>";
		};
		023A984427B7F6D800117DA2 /* Week2 */ = {
			isa = PBXGroup;
			children = (
				023A984227B7F6CC00117DA2 /* 10828.swift */,
				023A984527B800C100117DA2 /* 9012.swift */,
				0283F7B227B95401006646D3 /* 10773.swift */,
			);
			path = Week2;
			sourceTree = "<group>";
		};
		025D6A9E27CB28D4008D95FD /* Week4 */ = {
			isa = PBXGroup;
			children = (
				025D6A9C27CB28CA008D95FD /* 10866.swift */,
				025D6A9F27CB2AA4008D95FD /* 1021.swift */,
			);
			name = Week4;
			path = ../Week4;
			sourceTree = "<group>";
		};
		02B5CB2F27C0CAE800981B7B /* Week3 */ = {
			isa = PBXGroup;
			children = (
				02B5CB2C27C0CADA00981B7B /* 10845.swift */,
				0209E8A227C3C04900AFCF71 /* 1966.swift */,
				02227B0A27C53B4A00E7CFC5 /* 14713.swift */,
			);
			path = Week3;
			sourceTree = "<group>";
		};
/* End PBXGroup section */

/* Begin PBXNativeTarget section */
		023A983727B7F34B00117DA2 /* Algorithm_Study */ = {
			isa = PBXNativeTarget;
			buildConfigurationList = 023A983F27B7F34B00117DA2 /* Build configuration list for PBXNativeTarget "Algorithm_Study" */;
			buildPhases = (
				023A983427B7F34B00117DA2 /* Sources */,
				023A983527B7F34B00117DA2 /* Frameworks */,
				023A983627B7F34B00117DA2 /* CopyFiles */,
			);
			buildRules = (
			);
			dependencies = (
			);
			name = Algorithm_Study;
			productName = Algorithm_Study;
			productReference = 023A983827B7F34B00117DA2 /* Algorithm_Study */;
			productType = "com.apple.product-type.tool";
		};
/* End PBXNativeTarget section */

/* Begin PBXProject section */
		023A983027B7F34B00117DA2 /* Project object */ = {
			isa = PBXProject;
			attributes = {
				BuildIndependentTargetsInParallel = 1;
				LastSwiftUpdateCheck = 1320;
				LastUpgradeCheck = 1320;
				TargetAttributes = {
					023A983727B7F34B00117DA2 = {
						CreatedOnToolsVersion = 13.2.1;
					};
				};
			};
			buildConfigurationList = 023A983327B7F34B00117DA2 /* Build configuration list for PBXProject "Algorithm_Study" */;
			compatibilityVersion = "Xcode 13.0";
			developmentRegion = en;
			hasScannedForEncodings = 0;
			knownRegions = (
				en,
				Base,
			);
			mainGroup = 023A982F27B7F34B00117DA2;
			productRefGroup = 023A983927B7F34B00117DA2 /* Products */;
			projectDirPath = "";
			projectRoot = "";
			targets = (
				023A983727B7F34B00117DA2 /* Algorithm_Study */,
			);
		};
/* End PBXProject section */

/* Begin PBXSourcesBuildPhase section */
		023A983427B7F34B00117DA2 /* Sources */ = {
			isa = PBXSourcesBuildPhase;
			buildActionMask = 2147483647;
			files = (
				0283F7B327B95401006646D3 /* 10773.swift in Sources */,
				025D6AA027CB2AA4008D95FD /* 1021.swift in Sources */,
				02227B0B27C53B4A00E7CFC5 /* 14713.swift in Sources */,
				0209E8A327C3C04900AFCF71 /* 1966.swift in Sources */,
				023A3A4627D4B0AB00F56686 /* 1260.swift in Sources */,
				025D6A9D27CB28CA008D95FD /* 10866.swift in Sources */,
				023A983C27B7F34B00117DA2 /* main.swift in Sources */,
				023A984627B800C100117DA2 /* 9012.swift in Sources */,
				02B5CB2D27C0CADA00981B7B /* 10845.swift in Sources */,
				023A984327B7F6CC00117DA2 /* 10828.swift in Sources */,
			);
			runOnlyForDeploymentPostprocessing = 0;
		};
/* End PBXSourcesBuildPhase section */

/* Begin XCBuildConfiguration section */
		023A983D27B7F34B00117DA2 /* Debug */ = {
			isa = XCBuildConfiguration;
			buildSettings = {
				ALWAYS_SEARCH_USER_PATHS = NO;
				CLANG_ANALYZER_NONNULL = YES;
				CLANG_ANALYZER_NUMBER_OBJECT_CONVERSION = YES_AGGRESSIVE;
				CLANG_CXX_LANGUAGE_STANDARD = "gnu++17";
				CLANG_CXX_LIBRARY = "libc++";
				CLANG_ENABLE_MODULES = YES;
				CLANG_ENABLE_OBJC_ARC = YES;
				CLANG_ENABLE_OBJC_WEAK = YES;
				CLANG_WARN_BLOCK_CAPTURE_AUTORELEASING = YES;
				CLANG_WARN_BOOL_CONVERSION = YES;
				CLANG_WARN_COMMA = YES;
				CLANG_WARN_CONSTANT_CONVERSION = YES;
				CLANG_WARN_DEPRECATED_OBJC_IMPLEMENTATIONS = YES;
				CLANG_WARN_DIRECT_OBJC_ISA_USAGE = YES_ERROR;
				CLANG_WARN_DOCUMENTATION_COMMENTS = YES;
				CLANG_WARN_EMPTY_BODY = YES;
				CLANG_WARN_ENUM_CONVERSION = YES;
				CLANG_WARN_INFINITE_RECURSION = YES;
				CLANG_WARN_INT_CONVERSION = YES;
				CLANG_WARN_NON_LITERAL_NULL_CONVERSION = YES;
				CLANG_WARN_OBJC_IMPLICIT_RETAIN_SELF = YES;
				CLANG_WARN_OBJC_LITERAL_CONVERSION = YES;
				CLANG_WARN_OBJC_ROOT_CLASS = YES_ERROR;
				CLANG_WARN_QUOTED_INCLUDE_IN_FRAMEWORK_HEADER = YES;
				CLANG_WARN_RANGE_LOOP_ANALYSIS = YES;
				CLANG_WARN_STRICT_PROTOTYPES = YES;
				CLANG_WARN_SUSPICIOUS_MOVE = YES;
				CLANG_WARN_UNGUARDED_AVAILABILITY = YES_AGGRESSIVE;
				CLANG_WARN_UNREACHABLE_CODE = YES;
				CLANG_WARN__DUPLICATE_METHOD_MATCH = YES;
				COPY_PHASE_STRIP = NO;
				DEBUG_INFORMATION_FORMAT = dwarf;
				ENABLE_STRICT_OBJC_MSGSEND = YES;
				ENABLE_TESTABILITY = YES;
				GCC_C_LANGUAGE_STANDARD = gnu11;
				GCC_DYNAMIC_NO_PIC = NO;
				GCC_NO_COMMON_BLOCKS = YES;
				GCC_OPTIMIZATION_LEVEL = 0;
				GCC_PREPROCESSOR_DEFINITIONS = (
					"DEBUG=1",
					"$(inherited)",
				);
				GCC_WARN_64_TO_32_BIT_CONVERSION = YES;
				GCC_WARN_ABOUT_RETURN_TYPE = YES_ERROR;
				GCC_WARN_UNDECLARED_SELECTOR = YES;
				GCC_WARN_UNINITIALIZED_AUTOS = YES_AGGRESSIVE;
				GCC_WARN_UNUSED_FUNCTION = YES;
				GCC_WARN_UNUSED_VARIABLE = YES;
				MACOSX_DEPLOYMENT_TARGET = 11.6;
				MTL_ENABLE_DEBUG_INFO = INCLUDE_SOURCE;
				MTL_FAST_MATH = YES;
				ONLY_ACTIVE_ARCH = YES;
				SDKROOT = macosx;
				SWIFT_ACTIVE_COMPILATION_CONDITIONS = DEBUG;
				SWIFT_OPTIMIZATION_LEVEL = "-Onone";
			};
			name = Debug;
		};
		023A983E27B7F34B00117DA2 /* Release */ = {
			isa = XCBuildConfiguration;
			buildSettings = {
				ALWAYS_SEARCH_USER_PATHS = NO;
				CLANG_ANALYZER_NONNULL = YES;
				CLANG_ANALYZER_NUMBER_OBJECT_CONVERSION = YES_AGGRESSIVE;
				CLANG_CXX_LANGUAGE_STANDARD = "gnu++17";
				CLANG_CXX_LIBRARY = "libc++";
				CLANG_ENABLE_MODULES = YES;
				CLANG_ENABLE_OBJC_ARC = YES;
				CLANG_ENABLE_OBJC_WEAK = YES;
				CLANG_WARN_BLOCK_CAPTURE_AUTORELEASING = YES;
				CLANG_WARN_BOOL_CONVERSION = YES;
				CLANG_WARN_COMMA = YES;
				CLANG_WARN_CONSTANT_CONVERSION = YES;
				CLANG_WARN_DEPRECATED_OBJC_IMPLEMENTATIONS = YES;
				CLANG_WARN_DIRECT_OBJC_ISA_USAGE = YES_ERROR;
				CLANG_WARN_DOCUMENTATION_COMMENTS = YES;
				CLANG_WARN_EMPTY_BODY = YES;
				CLANG_WARN_ENUM_CONVERSION = YES;
				CLANG_WARN_INFINITE_RECURSION = YES;
				CLANG_WARN_INT_CONVERSION = YES;
				CLANG_WARN_NON_LITERAL_NULL_CONVERSION = YES;
				CLANG_WARN_OBJC_IMPLICIT_RETAIN_SELF = YES;
				CLANG_WARN_OBJC_LITERAL_CONVERSION = YES;
				CLANG_WARN_OBJC_ROOT_CLASS = YES_ERROR;
				CLANG_WARN_QUOTED_INCLUDE_IN_FRAMEWORK_HEADER = YES;
				CLANG_WARN_RANGE_LOOP_ANALYSIS = YES;
				CLANG_WARN_STRICT_PROTOTYPES = YES;
				CLANG_WARN_SUSPICIOUS_MOVE = YES;
				CLANG_WARN_UNGUARDED_AVAILABILITY = YES_AGGRESSIVE;
				CLANG_WARN_UNREACHABLE_CODE = YES;
				CLANG_WARN__DUPLICATE_METHOD_MATCH = YES;
				COPY_PHASE_STRIP = NO;
				DEBUG_INFORMATION_FORMAT = "dwarf-with-dsym";
				ENABLE_NS_ASSERTIONS = NO;
				ENABLE_STRICT_OBJC_MSGSEND = YES;
				GCC_C_LANGUAGE_STANDARD = gnu11;
				GCC_NO_COMMON_BLOCKS = YES;
				GCC_WARN_64_TO_32_BIT_CONVERSION = YES;
				GCC_WARN_ABOUT_RETURN_TYPE = YES_ERROR;
				GCC_WARN_UNDECLARED_SELECTOR = YES;
				GCC_WARN_UNINITIALIZED_AUTOS = YES_AGGRESSIVE;
				GCC_WARN_UNUSED_FUNCTION = YES;
				GCC_WARN_UNUSED_VARIABLE = YES;
				MACOSX_DEPLOYMENT_TARGET = 11.6;
				MTL_ENABLE_DEBUG_INFO = NO;
				MTL_FAST_MATH = YES;
				SDKROOT = macosx;
				SWIFT_COMPILATION_MODE = wholemodule;
				SWIFT_OPTIMIZATION_LEVEL = "-O";
			};
			name = Release;
		};
		023A984027B7F34B00117DA2 /* Debug */ = {
			isa = XCBuildConfiguration;
			buildSettings = {
				CODE_SIGN_STYLE = Automatic;
				PRODUCT_NAME = "$(TARGET_NAME)";
				SWIFT_VERSION = 5.0;
			};
			name = Debug;
		};
		023A984127B7F34B00117DA2 /* Release */ = {
			isa = XCBuildConfiguration;
			buildSettings = {
				CODE_SIGN_STYLE = Automatic;
				PRODUCT_NAME = "$(TARGET_NAME)";
				SWIFT_VERSION = 5.0;
			};
			name = Release;
		};
/* End XCBuildConfiguration section */

/* Begin XCConfigurationList section */
		023A983327B7F34B00117DA2 /* Build configuration list for PBXProject "Algorithm_Study" */ = {
			isa = XCConfigurationList;
			buildConfigurations = (
				023A983D27B7F34B00117DA2 /* Debug */,
				023A983E27B7F34B00117DA2 /* Release */,
			);
			defaultConfigurationIsVisible = 0;
			defaultConfigurationName = Release;
		};
		023A983F27B7F34B00117DA2 /* Build configuration list for PBXNativeTarget "Algorithm_Study" */ = {
			isa = XCConfigurationList;
			buildConfigurations = (
				023A984027B7F34B00117DA2 /* Debug */,
				023A984127B7F34B00117DA2 /* Release */,
			);
			defaultConfigurationIsVisible = 0;
			defaultConfigurationName = Release;
		};
/* End XCConfigurationList section */
	};
	rootObject = 023A983027B7F34B00117DA2 /* Project object */;
}
