// !$*UTF8*$!
{
	archiveVersion = 1;
	classes = {
	};
	objectVersion = 55;
	objects = {

/* Begin PBXBuildFile section */
		B304CA8A27F4A4F200AD0709 /* main.swift in Sources */ = {isa = PBXBuildFile; fileRef = B304CA8927F4A4F200AD0709 /* main.swift */; };
		B38DE4A627F72BF900280B87 /* BOJ_1260_DFS와BFS.swift in Sources */ = {isa = PBXBuildFile; fileRef = B38DE4A527F72BF900280B87 /* BOJ_1260_DFS와BFS.swift */; };
		B3BAE27C27FB520E005E7ED2 /* PROG_타겟넘버.swift in Sources */ = {isa = PBXBuildFile; fileRef = B3BAE27B27FB520E005E7ED2 /* PROG_타겟넘버.swift */; };
		B3BAE29727FDB35A005E7ED2 /* PROG_단어변환.swift in Sources */ = {isa = PBXBuildFile; fileRef = B3BAE29627FDB35A005E7ED2 /* PROG_단어변환.swift */; };
/* End PBXBuildFile section */

/* Begin PBXCopyFilesBuildPhase section */
		B304CA8427F4A4F200AD0709 /* CopyFiles */ = {
			isa = PBXCopyFilesBuildPhase;
			buildActionMask = 2147483647;
			dstPath = /usr/share/man/man1/;
			dstSubfolderSpec = 0;
			files = (
			);
			runOnlyForDeploymentPostprocessing = 1;
		};
/* End PBXCopyFilesBuildPhase section */

/* Begin PBXFileReference section */
		B304CA8627F4A4F200AD0709 /* swiftAlgorithm */ = {isa = PBXFileReference; explicitFileType = "compiled.mach-o.executable"; includeInIndex = 0; path = swiftAlgorithm; sourceTree = BUILT_PRODUCTS_DIR; };
		B304CA8927F4A4F200AD0709 /* main.swift */ = {isa = PBXFileReference; lastKnownFileType = sourcecode.swift; path = main.swift; sourceTree = "<group>"; };
		B38DE4A527F72BF900280B87 /* BOJ_1260_DFS와BFS.swift */ = {isa = PBXFileReference; lastKnownFileType = sourcecode.swift; path = "BOJ_1260_DFS와BFS.swift"; sourceTree = "<group>"; };
		B3BAE27B27FB520E005E7ED2 /* PROG_타겟넘버.swift */ = {isa = PBXFileReference; lastKnownFileType = sourcecode.swift; path = "PROG_타겟넘버.swift"; sourceTree = "<group>"; };
		B3BAE29627FDB35A005E7ED2 /* PROG_단어변환.swift */ = {isa = PBXFileReference; lastKnownFileType = sourcecode.swift; path = "PROG_단어변환.swift"; sourceTree = "<group>"; };
/* End PBXFileReference section */

/* Begin PBXFrameworksBuildPhase section */
		B304CA8327F4A4F200AD0709 /* Frameworks */ = {
			isa = PBXFrameworksBuildPhase;
			buildActionMask = 2147483647;
			files = (
			);
			runOnlyForDeploymentPostprocessing = 0;
		};
/* End PBXFrameworksBuildPhase section */

/* Begin PBXGroup section */
		B304CA7D27F4A4F200AD0709 = {
			isa = PBXGroup;
			children = (
				B304CA8827F4A4F200AD0709 /* swiftAlgorithm */,
				B304CA8727F4A4F200AD0709 /* Products */,
			);
			sourceTree = "<group>";
		};
		B304CA8727F4A4F200AD0709 /* Products */ = {
			isa = PBXGroup;
			children = (
				B304CA8627F4A4F200AD0709 /* swiftAlgorithm */,
			);
			name = Products;
			sourceTree = "<group>";
		};
		B304CA8827F4A4F200AD0709 /* swiftAlgorithm */ = {
			isa = PBXGroup;
			children = (
				B38DE4A427F71D5F00280B87 /* DFS_BFS */,
				B304CA8927F4A4F200AD0709 /* main.swift */,
			);
			path = swiftAlgorithm;
			sourceTree = "<group>";
		};
		B38DE4A427F71D5F00280B87 /* DFS_BFS */ = {
			isa = PBXGroup;
			children = (
				B38DE4A527F72BF900280B87 /* BOJ_1260_DFS와BFS.swift */,
				B3BAE27B27FB520E005E7ED2 /* PROG_타겟넘버.swift */,
				B3BAE29627FDB35A005E7ED2 /* PROG_단어변환.swift */,
			);
			path = DFS_BFS;
			sourceTree = "<group>";
		};
/* End PBXGroup section */

/* Begin PBXNativeTarget section */
		B304CA8527F4A4F200AD0709 /* swiftAlgorithm */ = {
			isa = PBXNativeTarget;
			buildConfigurationList = B304CA8D27F4A4F300AD0709 /* Build configuration list for PBXNativeTarget "swiftAlgorithm" */;
			buildPhases = (
				B304CA8227F4A4F200AD0709 /* Sources */,
				B304CA8327F4A4F200AD0709 /* Frameworks */,
				B304CA8427F4A4F200AD0709 /* CopyFiles */,
			);
			buildRules = (
			);
			dependencies = (
			);
			name = swiftAlgorithm;
			productName = swiftAlgorithm;
			productReference = B304CA8627F4A4F200AD0709 /* swiftAlgorithm */;
			productType = "com.apple.product-type.tool";
		};
/* End PBXNativeTarget section */

/* Begin PBXProject section */
		B304CA7E27F4A4F200AD0709 /* Project object */ = {
			isa = PBXProject;
			attributes = {
				BuildIndependentTargetsInParallel = 1;
				LastSwiftUpdateCheck = 1320;
				LastUpgradeCheck = 1320;
				TargetAttributes = {
					B304CA8527F4A4F200AD0709 = {
						CreatedOnToolsVersion = 13.2.1;
					};
				};
			};
			buildConfigurationList = B304CA8127F4A4F200AD0709 /* Build configuration list for PBXProject "swiftAlgorithm" */;
			compatibilityVersion = "Xcode 13.0";
			developmentRegion = en;
			hasScannedForEncodings = 0;
			knownRegions = (
				en,
				Base,
			);
			mainGroup = B304CA7D27F4A4F200AD0709;
			productRefGroup = B304CA8727F4A4F200AD0709 /* Products */;
			projectDirPath = "";
			projectRoot = "";
			targets = (
				B304CA8527F4A4F200AD0709 /* swiftAlgorithm */,
			);
		};
/* End PBXProject section */

/* Begin PBXSourcesBuildPhase section */
		B304CA8227F4A4F200AD0709 /* Sources */ = {
			isa = PBXSourcesBuildPhase;
			buildActionMask = 2147483647;
			files = (
				B304CA8A27F4A4F200AD0709 /* main.swift in Sources */,
				B3BAE27C27FB520E005E7ED2 /* PROG_타겟넘버.swift in Sources */,
				B3BAE29727FDB35A005E7ED2 /* PROG_단어변환.swift in Sources */,
				B38DE4A627F72BF900280B87 /* BOJ_1260_DFS와BFS.swift in Sources */,
			);
			runOnlyForDeploymentPostprocessing = 0;
		};
/* End PBXSourcesBuildPhase section */

/* Begin XCBuildConfiguration section */
		B304CA8B27F4A4F200AD0709 /* Debug */ = {
			isa = XCBuildConfiguration;
			buildSettings = {
				ALWAYS_SEARCH_USER_PATHS = NO;
				CLANG_ANALYZER_NONNULL = YES;
				CLANG_ANALYZER_NUMBER_OBJECT_CONVERSION = YES_AGGRESSIVE;
				CLANG_CXX_LANGUAGE_STANDARD = "gnu++17";
				CLANG_CXX_LIBRARY = "libc++";
				CLANG_ENABLE_MODULES = YES;
				CLANG_ENABLE_OBJC_ARC = YES;
				CLANG_ENABLE_OBJC_WEAK = YES;
				CLANG_WARN_BLOCK_CAPTURE_AUTORELEASING = YES;
				CLANG_WARN_BOOL_CONVERSION = YES;
				CLANG_WARN_COMMA = YES;
				CLANG_WARN_CONSTANT_CONVERSION = YES;
				CLANG_WARN_DEPRECATED_OBJC_IMPLEMENTATIONS = YES;
				CLANG_WARN_DIRECT_OBJC_ISA_USAGE = YES_ERROR;
				CLANG_WARN_DOCUMENTATION_COMMENTS = YES;
				CLANG_WARN_EMPTY_BODY = YES;
				CLANG_WARN_ENUM_CONVERSION = YES;
				CLANG_WARN_INFINITE_RECURSION = YES;
				CLANG_WARN_INT_CONVERSION = YES;
				CLANG_WARN_NON_LITERAL_NULL_CONVERSION = YES;
				CLANG_WARN_OBJC_IMPLICIT_RETAIN_SELF = YES;
				CLANG_WARN_OBJC_LITERAL_CONVERSION = YES;
				CLANG_WARN_OBJC_ROOT_CLASS = YES_ERROR;
				CLANG_WARN_QUOTED_INCLUDE_IN_FRAMEWORK_HEADER = YES;
				CLANG_WARN_RANGE_LOOP_ANALYSIS = YES;
				CLANG_WARN_STRICT_PROTOTYPES = YES;
				CLANG_WARN_SUSPICIOUS_MOVE = YES;
				CLANG_WARN_UNGUARDED_AVAILABILITY = YES_AGGRESSIVE;
				CLANG_WARN_UNREACHABLE_CODE = YES;
				CLANG_WARN__DUPLICATE_METHOD_MATCH = YES;
				COPY_PHASE_STRIP = NO;
				DEBUG_INFORMATION_FORMAT = dwarf;
				ENABLE_STRICT_OBJC_MSGSEND = YES;
				ENABLE_TESTABILITY = YES;
				GCC_C_LANGUAGE_STANDARD = gnu11;
				GCC_DYNAMIC_NO_PIC = NO;
				GCC_NO_COMMON_BLOCKS = YES;
				GCC_OPTIMIZATION_LEVEL = 0;
				GCC_PREPROCESSOR_DEFINITIONS = (
					"DEBUG=1",
					"$(inherited)",
				);
				GCC_WARN_64_TO_32_BIT_CONVERSION = YES;
				GCC_WARN_ABOUT_RETURN_TYPE = YES_ERROR;
				GCC_WARN_UNDECLARED_SELECTOR = YES;
				GCC_WARN_UNINITIALIZED_AUTOS = YES_AGGRESSIVE;
				GCC_WARN_UNUSED_FUNCTION = YES;
				GCC_WARN_UNUSED_VARIABLE = YES;
				MACOSX_DEPLOYMENT_TARGET = 11.3;
				MTL_ENABLE_DEBUG_INFO = INCLUDE_SOURCE;
				MTL_FAST_MATH = YES;
				ONLY_ACTIVE_ARCH = YES;
				SDKROOT = macosx;
				SWIFT_ACTIVE_COMPILATION_CONDITIONS = DEBUG;
				SWIFT_OPTIMIZATION_LEVEL = "-Onone";
			};
			name = Debug;
		};
		B304CA8C27F4A4F200AD0709 /* Release */ = {
			isa = XCBuildConfiguration;
			buildSettings = {
				ALWAYS_SEARCH_USER_PATHS = NO;
				CLANG_ANALYZER_NONNULL = YES;
				CLANG_ANALYZER_NUMBER_OBJECT_CONVERSION = YES_AGGRESSIVE;
				CLANG_CXX_LANGUAGE_STANDARD = "gnu++17";
				CLANG_CXX_LIBRARY = "libc++";
				CLANG_ENABLE_MODULES = YES;
				CLANG_ENABLE_OBJC_ARC = YES;
				CLANG_ENABLE_OBJC_WEAK = YES;
				CLANG_WARN_BLOCK_CAPTURE_AUTORELEASING = YES;
				CLANG_WARN_BOOL_CONVERSION = YES;
				CLANG_WARN_COMMA = YES;
				CLANG_WARN_CONSTANT_CONVERSION = YES;
				CLANG_WARN_DEPRECATED_OBJC_IMPLEMENTATIONS = YES;
				CLANG_WARN_DIRECT_OBJC_ISA_USAGE = YES_ERROR;
				CLANG_WARN_DOCUMENTATION_COMMENTS = YES;
				CLANG_WARN_EMPTY_BODY = YES;
				CLANG_WARN_ENUM_CONVERSION = YES;
				CLANG_WARN_INFINITE_RECURSION = YES;
				CLANG_WARN_INT_CONVERSION = YES;
				CLANG_WARN_NON_LITERAL_NULL_CONVERSION = YES;
				CLANG_WARN_OBJC_IMPLICIT_RETAIN_SELF = YES;
				CLANG_WARN_OBJC_LITERAL_CONVERSION = YES;
				CLANG_WARN_OBJC_ROOT_CLASS = YES_ERROR;
				CLANG_WARN_QUOTED_INCLUDE_IN_FRAMEWORK_HEADER = YES;
				CLANG_WARN_RANGE_LOOP_ANALYSIS = YES;
				CLANG_WARN_STRICT_PROTOTYPES = YES;
				CLANG_WARN_SUSPICIOUS_MOVE = YES;
				CLANG_WARN_UNGUARDED_AVAILABILITY = YES_AGGRESSIVE;
				CLANG_WARN_UNREACHABLE_CODE = YES;
				CLANG_WARN__DUPLICATE_METHOD_MATCH = YES;
				COPY_PHASE_STRIP = NO;
				DEBUG_INFORMATION_FORMAT = "dwarf-with-dsym";
				ENABLE_NS_ASSERTIONS = NO;
				ENABLE_STRICT_OBJC_MSGSEND = YES;
				GCC_C_LANGUAGE_STANDARD = gnu11;
				GCC_NO_COMMON_BLOCKS = YES;
				GCC_WARN_64_TO_32_BIT_CONVERSION = YES;
				GCC_WARN_ABOUT_RETURN_TYPE = YES_ERROR;
				GCC_WARN_UNDECLARED_SELECTOR = YES;
				GCC_WARN_UNINITIALIZED_AUTOS = YES_AGGRESSIVE;
				GCC_WARN_UNUSED_FUNCTION = YES;
				GCC_WARN_UNUSED_VARIABLE = YES;
				MACOSX_DEPLOYMENT_TARGET = 11.3;
				MTL_ENABLE_DEBUG_INFO = NO;
				MTL_FAST_MATH = YES;
				SDKROOT = macosx;
				SWIFT_COMPILATION_MODE = wholemodule;
				SWIFT_OPTIMIZATION_LEVEL = "-O";
			};
			name = Release;
		};
		B304CA8E27F4A4F300AD0709 /* Debug */ = {
			isa = XCBuildConfiguration;
			buildSettings = {
				CODE_SIGN_STYLE = Automatic;
				DEVELOPMENT_TEAM = 9FL2F2U32R;
				ENABLE_HARDENED_RUNTIME = YES;
				PRODUCT_NAME = "$(TARGET_NAME)";
				SWIFT_VERSION = 5.0;
			};
			name = Debug;
		};
		B304CA8F27F4A4F300AD0709 /* Release */ = {
			isa = XCBuildConfiguration;
			buildSettings = {
				CODE_SIGN_STYLE = Automatic;
				DEVELOPMENT_TEAM = 9FL2F2U32R;
				ENABLE_HARDENED_RUNTIME = YES;
				PRODUCT_NAME = "$(TARGET_NAME)";
				SWIFT_VERSION = 5.0;
			};
			name = Release;
		};
/* End XCBuildConfiguration section */

/* Begin XCConfigurationList section */
		B304CA8127F4A4F200AD0709 /* Build configuration list for PBXProject "swiftAlgorithm" */ = {
			isa = XCConfigurationList;
			buildConfigurations = (
				B304CA8B27F4A4F200AD0709 /* Debug */,
				B304CA8C27F4A4F200AD0709 /* Release */,
			);
			defaultConfigurationIsVisible = 0;
			defaultConfigurationName = Release;
		};
		B304CA8D27F4A4F300AD0709 /* Build configuration list for PBXNativeTarget "swiftAlgorithm" */ = {
			isa = XCConfigurationList;
			buildConfigurations = (
				B304CA8E27F4A4F300AD0709 /* Debug */,
				B304CA8F27F4A4F300AD0709 /* Release */,
			);
			defaultConfigurationIsVisible = 0;
			defaultConfigurationName = Release;
		};
/* End XCConfigurationList section */
	};
	rootObject = B304CA7E27F4A4F200AD0709 /* Project object */;
}
